<?xml version="1.0" encoding="UTF-8"?>
<Scheme
   version = "1.3">
   <BuildAction>
      <BuildActionEntries>
         <BuildActionEntry
            buildForRunning = "YES"
            buildForTesting = "YES">
            <BuildableReference
               BuildableIdentifier = "primary"
               BlueprintIdentifier = "51993DD0198553FD00A56C5C"
               BuildableName = "For LoLTests.xctest"
               BlueprintName = "For LoLTests"
               ReferencedContainer = "container:For LoL.xcodeproj">
            </BuildableReference>
         </BuildActionEntry>
      </BuildActionEntries>
   </BuildAction>
   <TestAction
      buildConfiguration = "Debug">
      <Testables>
         <TestableReference>
            <BuildableReference
               BuildableIdentifier = "primary"
               BlueprintIdentifier = "51993DD0198553FD00A56C5C"
               BuildableName = "For LoLTests.xctest"
               BlueprintName = "For LoLTests"
               ReferencedContainer = "container:For LoL.xcodeproj">
            </BuildableReference>
            <SkippedTests>
               <Test
                  Identifier = "For_LoLTests">
               </Test>
               <Test
                  Identifier = "RiotAPITest/testChampions">
               </Test>
               <Test
                  Identifier = "RiotAPITest/testCurrentRegion">
               </Test>
               <Test
                  Identifier = "RiotAPITest/testGame">
               </Test>
               <Test
                  Identifier = "RiotAPITest/testItems">
               </Test>
               <Test
                  Identifier = "RiotAPITest/testLeagueBySummoners">
               </Test>
               <Test
                  Identifier = "RiotAPITest/testLeagueByTeams">
               </Test>
               <Test
                  Identifier = "RiotAPITest/testMasteries">
               </Test>
               <Test
                  Identifier = "RiotAPITest/testMatch">
               </Test>
               <Test
                  Identifier = "RiotAPITest/testMatchHistory">
               </Test>
               <Test
                  Identifier = "RiotAPITest/testPlayerStats">
               </Test>
               <Test
                  Identifier = "RiotAPITest/testRankedStats">
               </Test>
               <Test
                  Identifier = "RiotAPITest/testRealms">
               </Test>
               <Test
                  Identifier = "RiotAPITest/testRunes">
               </Test>
               <Test
                  Identifier = "RiotAPITest/testSummoner">
               </Test>
               <Test
                  Identifier = "RiotAPITest/testSummonerNames">
               </Test>
               <Test
                  Identifier = "RiotAPITest/testSummonerSpells">
               </Test>
               <Test
                  Identifier = "RiotAPITest/testTeamsWithSummoners">
               </Test>
               <Test
                  Identifier = "RiotAPITest/testTeamsWithTeams">
               </Test>
               <Test
                  Identifier = "RiotAPITest/testVersions">
               </Test>
            </SkippedTests>
         </TestableReference>
      </Testables>
   </TestAction>
   <LaunchAction
      useCustomWorkingDirectory = "NO">
   </LaunchAction>
</Scheme>
