<?xml version="1.0" encoding="UTF-8"?>
<Scheme
   version = "1.3">
   <BuildAction>
      <BuildActionEntries>
         <BuildActionEntry
            buildForRunning = "YES"
            buildForTesting = "YES">
            <BuildableReference
               BuildableIdentifier = "primary"
               BlueprintIdentifier = "51993DD0198553FD00A56C5C"
               BuildableName = "For LoLTests.xctest"
               BlueprintName = "For LoLTests"
               ReferencedContainer = "container:For LoL.xcodeproj">
            </BuildableReference>
         </BuildActionEntry>
      </BuildActionEntries>
   </BuildAction>
   <TestAction
      buildConfiguration = "Debug">
      <Testables>
         <TestableReference>
            <BuildableReference
               BuildableIdentifier = "primary"
               BlueprintIdentifier = "51993DD0198553FD00A56C5C"
               BuildableName = "For LoLTests.xctest"
               BlueprintName = "For LoLTests"
               ReferencedContainer = "container:For LoL.xcodeproj">
            </BuildableReference>
            <SkippedTests>
               <Test
                  Identifier = "For_LoLTests">
               </Test>
            </SkippedTests>
         </TestableReference>
      </Testables>
   </TestAction>
   <LaunchAction
      useCustomWorkingDirectory = "NO">
   </LaunchAction>
</Scheme>
